
Microsoft Visual Studio Solution File, Format Version 12.00
# Visual Studio Version 17
VisualStudioVersion = 17.1.32210.238
MinimumVisualStudioVersion = 10.0.40219.1
Project("{FAE04EC0-301F-11D3-BF4B-00C04F79EFBC}") = "A_Revenue", "A_Revenue\A_Revenue.csproj", "{4FCCE24F-8428-47E1-88E5-32CD5B40DC29}"
EndProject
Global
	GlobalSection(SolutionConfigurationPlatforms) = preSolution
		Debug|Any CPU = Debug|Any CPU
		Release|Any CPU = Release|Any CPU
	EndGlobalSection
	GlobalSection(ProjectConfigurationPlatforms) = postSolution
		{4FCCE24F-8428-47E1-88E5-32CD5B40DC29}.Debug|Any CPU.ActiveCfg = Debug|Any CPU
		{4FCCE24F-8428-47E1-88E5-32CD5B40DC29}.Debug|Any CPU.Build.0 = Debug|Any CPU
		{4FCCE24F-8428-47E1-88E5-32CD5B40DC29}.Release|Any CPU.ActiveCfg = Release|Any CPU
		{4FCCE24F-8428-47E1-88E5-32CD5B40DC29}.Release|Any CPU.Build.0 = Release|Any CPU
	EndGlobalSection
	GlobalSection(SolutionProperties) = preSolution
		HideSolutionNode = FALSE
	EndGlobalSection
	GlobalSection(ExtensibilityGlobals) = postSolution
		SolutionGuid = {8C0BB661-337E-4492-93C1-FD428A8EAC15}
	EndGlobalSection
EndGlobal
