
Microsoft Visual Studio Solution File, Format Version 12.00
# Visual Studio Version 17
VisualStudioVersion = 17.4.33213.308
MinimumVisualStudioVersion = 10.0.40219.1
Project("{FAE04EC0-301F-11D3-BF4B-00C04F79EFBC}") = "Flyke", "Flyke.csproj", "{19E38F8E-FAC9-4321-95C8-90AD55CD9BD6}"
EndProject
Global
	GlobalSection(SolutionConfigurationPlatforms) = preSolution
		Debug|Any CPU = Debug|Any CPU
		Release|Any CPU = Release|Any CPU
	EndGlobalSection
	GlobalSection(ProjectConfigurationPlatforms) = postSolution
		{19E38F8E-FAC9-4321-95C8-90AD55CD9BD6}.Debug|Any CPU.ActiveCfg = Debug|Any CPU
		{19E38F8E-FAC9-4321-95C8-90AD55CD9BD6}.Debug|Any CPU.Build.0 = Debug|Any CPU
		{19E38F8E-FAC9-4321-95C8-90AD55CD9BD6}.Release|Any CPU.ActiveCfg = Release|Any CPU
		{19E38F8E-FAC9-4321-95C8-90AD55CD9BD6}.Release|Any CPU.Build.0 = Release|Any CPU
	EndGlobalSection
	GlobalSection(SolutionProperties) = preSolution
		HideSolutionNode = FALSE
	EndGlobalSection
	GlobalSection(ExtensibilityGlobals) = postSolution
		SolutionGuid = {0E72723A-B444-4DBB-A4E5-205F26CB02D8}
	EndGlobalSection
EndGlobal
