
Microsoft Visual Studio Solution File, Format Version 12.00
# Visual Studio Version 17
VisualStudioVersion = 17.1.32210.238
MinimumVisualStudioVersion = 10.0.40219.1
Project("{FAE04EC0-301F-11D3-BF4B-00C04F79EFBC}") = "A_Dashboard", "A_Dashboard\A_Dashboard.csproj", "{5286D104-23D0-401C-8FF9-F04BA7CC877E}"
EndProject
Global
	GlobalSection(SolutionConfigurationPlatforms) = preSolution
		Debug|Any CPU = Debug|Any CPU
		Release|Any CPU = Release|Any CPU
	EndGlobalSection
	GlobalSection(ProjectConfigurationPlatforms) = postSolution
		{5286D104-23D0-401C-8FF9-F04BA7CC877E}.Debug|Any CPU.ActiveCfg = Debug|Any CPU
		{5286D104-23D0-401C-8FF9-F04BA7CC877E}.Debug|Any CPU.Build.0 = Debug|Any CPU
		{5286D104-23D0-401C-8FF9-F04BA7CC877E}.Release|Any CPU.ActiveCfg = Release|Any CPU
		{5286D104-23D0-401C-8FF9-F04BA7CC877E}.Release|Any CPU.Build.0 = Release|Any CPU
	EndGlobalSection
	GlobalSection(SolutionProperties) = preSolution
		HideSolutionNode = FALSE
	EndGlobalSection
	GlobalSection(ExtensibilityGlobals) = postSolution
		SolutionGuid = {FB7798EA-6135-4D8E-B84A-E9C4FC544E7E}
	EndGlobalSection
EndGlobal
