
Microsoft Visual Studio Solution File, Format Version 12.00
# Visual Studio Version 17
VisualStudioVersion = 17.1.32210.238
MinimumVisualStudioVersion = 10.0.40219.1
Project("{FAE04EC0-301F-11D3-BF4B-00C04F79EFBC}") = "A_Home_to_LCB", "A_Home_to_LCB\A_Home_to_LCB.csproj", "{AD7621D2-D175-4D3D-B878-A27FB220C22A}"
EndProject
Global
	GlobalSection(SolutionConfigurationPlatforms) = preSolution
		Debug|Any CPU = Debug|Any CPU
		Release|Any CPU = Release|Any CPU
	EndGlobalSection
	GlobalSection(ProjectConfigurationPlatforms) = postSolution
		{AD7621D2-D175-4D3D-B878-A27FB220C22A}.Debug|Any CPU.ActiveCfg = Debug|Any CPU
		{AD7621D2-D175-4D3D-B878-A27FB220C22A}.Debug|Any CPU.Build.0 = Debug|Any CPU
		{AD7621D2-D175-4D3D-B878-A27FB220C22A}.Release|Any CPU.ActiveCfg = Release|Any CPU
		{AD7621D2-D175-4D3D-B878-A27FB220C22A}.Release|Any CPU.Build.0 = Release|Any CPU
	EndGlobalSection
	GlobalSection(SolutionProperties) = preSolution
		HideSolutionNode = FALSE
	EndGlobalSection
	GlobalSection(ExtensibilityGlobals) = postSolution
		SolutionGuid = {277A1491-CFCB-4E53-8D30-6F1C638F9889}
	EndGlobalSection
EndGlobal
